// !$*UTF8*$!
{
	archiveVersion = 1;
	classes = {
	};
	objectVersion = 50;
	objects = {

/* Begin PBXBuildFile section */
		BA8ECEE120B9E5AA00C04B34 /* AppDelegate.swift in Sources */ = {isa = PBXBuildFile; fileRef = BA8ECEE020B9E5AA00C04B34 /* AppDelegate.swift */; };
		BA8ECEE320B9E5AA00C04B34 /* ViewController.swift in Sources */ = {isa = PBXBuildFile; fileRef = BA8ECEE220B9E5AA00C04B34 /* ViewController.swift */; };
		BA8ECEE620B9E5AA00C04B34 /* Main.storyboard in Resources */ = {isa = PBXBuildFile; fileRef = BA8ECEE420B9E5AA00C04B34 /* Main.storyboard */; };
		BA8ECEE920B9E5AA00C04B34 /* adidas_hackathon.xcdatamodeld in Sources */ = {isa = PBXBuildFile; fileRef = BA8ECEE720B9E5AA00C04B34 /* adidas_hackathon.xcdatamodeld */; };
		BA8ECEEB20B9E5AB00C04B34 /* Assets.xcassets in Resources */ = {isa = PBXBuildFile; fileRef = BA8ECEEA20B9E5AB00C04B34 /* Assets.xcassets */; };
		BA8ECEEE20B9E5AB00C04B34 /* LaunchScreen.storyboard in Resources */ = {isa = PBXBuildFile; fileRef = BA8ECEEC20B9E5AB00C04B34 /* LaunchScreen.storyboard */; };
/* End PBXBuildFile section */

/* Begin PBXFileReference section */
		BA8ECEDD20B9E5AA00C04B34 /* adidas_hackathon.app */ = {isa = PBXFileReference; explicitFileType = wrapper.application; includeInIndex = 0; path = adidas_hackathon.app; sourceTree = BUILT_PRODUCTS_DIR; };
		BA8ECEE020B9E5AA00C04B34 /* AppDelegate.swift */ = {isa = PBXFileReference; lastKnownFileType = sourcecode.swift; path = AppDelegate.swift; sourceTree = "<group>"; };
		BA8ECEE220B9E5AA00C04B34 /* ViewController.swift */ = {isa = PBXFileReference; lastKnownFileType = sourcecode.swift; path = ViewController.swift; sourceTree = "<group>"; };
		BA8ECEE520B9E5AA00C04B34 /* Base */ = {isa = PBXFileReference; lastKnownFileType = file.storyboard; name = Base; path = Base.lproj/Main.storyboard; sourceTree = "<group>"; };
		BA8ECEE820B9E5AA00C04B34 /* adidas_hackathon.xcdatamodel */ = {isa = PBXFileReference; lastKnownFileType = wrapper.xcdatamodel; path = adidas_hackathon.xcdatamodel; sourceTree = "<group>"; };
		BA8ECEEA20B9E5AB00C04B34 /* Assets.xcassets */ = {isa = PBXFileReference; lastKnownFileType = folder.assetcatalog; path = Assets.xcassets; sourceTree = "<group>"; };
		BA8ECEED20B9E5AB00C04B34 /* Base */ = {isa = PBXFileReference; lastKnownFileType = file.storyboard; name = Base; path = Base.lproj/LaunchScreen.storyboard; sourceTree = "<group>"; };
		BA8ECEEF20B9E5AB00C04B34 /* Info.plist */ = {isa = PBXFileReference; lastKnownFileType = text.plist.xml; path = Info.plist; sourceTree = "<group>"; };
/* End PBXFileReference section */

/* Begin PBXFrameworksBuildPhase section */
		BA8ECEDA20B9E5AA00C04B34 /* Frameworks */ = {
			isa = PBXFrameworksBuildPhase;
			buildActionMask = 2147483647;
			files = (
			);
			runOnlyForDeploymentPostprocessing = 0;
		};
/* End PBXFrameworksBuildPhase section */

/* Begin PBXGroup section */
		BA8ECED420B9E5AA00C04B34 = {
			isa = PBXGroup;
			children = (
				BA8ECEDF20B9E5AA00C04B34 /* adidas_hackathon */,
				BA8ECEDE20B9E5AA00C04B34 /* Products */,
			);
			sourceTree = "<group>";
		};
		BA8ECEDE20B9E5AA00C04B34 /* Products */ = {
			isa = PBXGroup;
			children = (
				BA8ECEDD20B9E5AA00C04B34 /* adidas_hackathon.app */,
			);
			name = Products;
			sourceTree = "<group>";
		};
		BA8ECEDF20B9E5AA00C04B34 /* adidas_hackathon */ = {
			isa = PBXGroup;
			children = (
				BA8ECEE020B9E5AA00C04B34 /* AppDelegate.swift */,
				BA8ECEE220B9E5AA00C04B34 /* ViewController.swift */,
				BA8ECEE420B9E5AA00C04B34 /* Main.storyboard */,
				BA8ECEEA20B9E5AB00C04B34 /* Assets.xcassets */,
				BA8ECEEC20B9E5AB00C04B34 /* LaunchScreen.storyboard */,
				BA8ECEEF20B9E5AB00C04B34 /* Info.plist */,
				BA8ECEE720B9E5AA00C04B34 /* adidas_hackathon.xcdatamodeld */,
			);
			path = adidas_hackathon;
			sourceTree = "<group>";
		};
/* End PBXGroup section */

/* Begin PBXNativeTarget section */
		BA8ECEDC20B9E5AA00C04B34 /* adidas_hackathon */ = {
			isa = PBXNativeTarget;
			buildConfigurationList = BA8ECEF220B9E5AB00C04B34 /* Build configuration list for PBXNativeTarget "adidas_hackathon" */;
			buildPhases = (
				BA8ECED920B9E5AA00C04B34 /* Sources */,
				BA8ECEDA20B9E5AA00C04B34 /* Frameworks */,
				BA8ECEDB20B9E5AA00C04B34 /* Resources */,
			);
			buildRules = (
			);
			dependencies = (
			);
			name = adidas_hackathon;
			productName = adidas_hackathon;
			productReference = BA8ECEDD20B9E5AA00C04B34 /* adidas_hackathon.app */;
			productType = "com.apple.product-type.application";
		};
/* End PBXNativeTarget section */

/* Begin PBXProject section */
		BA8ECED520B9E5AA00C04B34 /* Project object */ = {
			isa = PBXProject;
			attributes = {
				LastSwiftUpdateCheck = 0930;
				LastUpgradeCheck = 0930;
				ORGANIZATIONNAME = adidasar;
				TargetAttributes = {
					BA8ECEDC20B9E5AA00C04B34 = {
						CreatedOnToolsVersion = 9.3;
					};
				};
			};
			buildConfigurationList = BA8ECED820B9E5AA00C04B34 /* Build configuration list for PBXProject "adidas_hackathon" */;
			compatibilityVersion = "Xcode 9.3";
			developmentRegion = en;
			hasScannedForEncodings = 0;
			knownRegions = (
				en,
				Base,
			);
			mainGroup = BA8ECED420B9E5AA00C04B34;
			productRefGroup = BA8ECEDE20B9E5AA00C04B34 /* Products */;
			projectDirPath = "";
			projectRoot = "";
			targets = (
				BA8ECEDC20B9E5AA00C04B34 /* adidas_hackathon */,
			);
		};
/* End PBXProject section */

/* Begin PBXResourcesBuildPhase section */
		BA8ECEDB20B9E5AA00C04B34 /* Resources */ = {
			isa = PBXResourcesBuildPhase;
			buildActionMask = 2147483647;
			files = (
				BA8ECEEE20B9E5AB00C04B34 /* LaunchScreen.storyboard in Resources */,
				BA8ECEEB20B9E5AB00C04B34 /* Assets.xcassets in Resources */,
				BA8ECEE620B9E5AA00C04B34 /* Main.storyboard in Resources */,
			);
			runOnlyForDeploymentPostprocessing = 0;
		};
/* End PBXResourcesBuildPhase section */

/* Begin PBXSourcesBuildPhase section */
		BA8ECED920B9E5AA00C04B34 /* Sources */ = {
			isa = PBXSourcesBuildPhase;
			buildActionMask = 2147483647;
			files = (
				BA8ECEE320B9E5AA00C04B34 /* ViewController.swift in Sources */,
				BA8ECEE120B9E5AA00C04B34 /* AppDelegate.swift in Sources */,
				BA8ECEE920B9E5AA00C04B34 /* adidas_hackathon.xcdatamodeld in Sources */,
			);
			runOnlyForDeploymentPostprocessing = 0;
		};
/* End PBXSourcesBuildPhase section */

/* Begin PBXVariantGroup section */
		BA8ECEE420B9E5AA00C04B34 /* Main.storyboard */ = {
			isa = PBXVariantGroup;
			children = (
				BA8ECEE520B9E5AA00C04B34 /* Base */,
			);
			name = Main.storyboard;
			sourceTree = "<group>";
		};
		BA8ECEEC20B9E5AB00C04B34 /* LaunchScreen.storyboard */ = {
			isa = PBXVariantGroup;
			children = (
				BA8ECEED20B9E5AB00C04B34 /* Base */,
			);
			name = LaunchScreen.storyboard;
			sourceTree = "<group>";
		};
/* End PBXVariantGroup section */

/* Begin XCBuildConfiguration section */
		BA8ECEF020B9E5AB00C04B34 /* Debug */ = {
			isa = XCBuildConfiguration;
			buildSettings = {
				ALWAYS_SEARCH_USER_PATHS = NO;
				CLANG_ANALYZER_NONNULL = YES;
				CLANG_ANALYZER_NUMBER_OBJECT_CONVERSION = YES_AGGRESSIVE;
				CLANG_CXX_LANGUAGE_STANDARD = "gnu++14";
				CLANG_CXX_LIBRARY = "libc++";
				CLANG_ENABLE_MODULES = YES;
				CLANG_ENABLE_OBJC_ARC = YES;
				CLANG_ENABLE_OBJC_WEAK = YES;
				CLANG_WARN_BLOCK_CAPTURE_AUTORELEASING = YES;
				CLANG_WARN_BOOL_CONVERSION = YES;
				CLANG_WARN_COMMA = YES;
				CLANG_WARN_CONSTANT_CONVERSION = YES;
				CLANG_WARN_DEPRECATED_OBJC_IMPLEMENTATIONS = YES;
				CLANG_WARN_DIRECT_OBJC_ISA_USAGE = YES_ERROR;
				CLANG_WARN_DOCUMENTATION_COMMENTS = YES;
				CLANG_WARN_EMPTY_BODY = YES;
				CLANG_WARN_ENUM_CONVERSION = YES;
				CLANG_WARN_INFINITE_RECURSION = YES;
				CLANG_WARN_INT_CONVERSION = YES;
				CLANG_WARN_NON_LITERAL_NULL_CONVERSION = YES;
				CLANG_WARN_OBJC_IMPLICIT_RETAIN_SELF = YES;
				CLANG_WARN_OBJC_LITERAL_CONVERSION = YES;
				CLANG_WARN_OBJC_ROOT_CLASS = YES_ERROR;
				CLANG_WARN_RANGE_LOOP_ANALYSIS = YES;
				CLANG_WARN_STRICT_PROTOTYPES = YES;
				CLANG_WARN_SUSPICIOUS_MOVE = YES;
				CLANG_WARN_UNGUARDED_AVAILABILITY = YES_AGGRESSIVE;
				CLANG_WARN_UNREACHABLE_CODE = YES;
				CLANG_WARN__DUPLICATE_METHOD_MATCH = YES;
				CODE_SIGN_IDENTITY = "iPhone Developer";
				COPY_PHASE_STRIP = NO;
				DEBUG_INFORMATION_FORMAT = dwarf;
				ENABLE_STRICT_OBJC_MSGSEND = YES;
				ENABLE_TESTABILITY = YES;
				GCC_C_LANGUAGE_STANDARD = gnu11;
				GCC_DYNAMIC_NO_PIC = NO;
				GCC_NO_COMMON_BLOCKS = YES;
				GCC_OPTIMIZATION_LEVEL = 0;
				GCC_PREPROCESSOR_DEFINITIONS = (
					"DEBUG=1",
					"$(inherited)",
				);
				GCC_WARN_64_TO_32_BIT_CONVERSION = YES;
				GCC_WARN_ABOUT_RETURN_TYPE = YES_ERROR;
				GCC_WARN_UNDECLARED_SELECTOR = YES;
				GCC_WARN_UNINITIALIZED_AUTOS = YES_AGGRESSIVE;
				GCC_WARN_UNUSED_FUNCTION = YES;
				GCC_WARN_UNUSED_VARIABLE = YES;
				IPHONEOS_DEPLOYMENT_TARGET = 11.3;
				MTL_ENABLE_DEBUG_INFO = YES;
				ONLY_ACTIVE_ARCH = YES;
				SDKROOT = iphoneos;
				SWIFT_ACTIVE_COMPILATION_CONDITIONS = DEBUG;
				SWIFT_OPTIMIZATION_LEVEL = "-Onone";
			};
			name = Debug;
		};
		BA8ECEF120B9E5AB00C04B34 /* Release */ = {
			isa = XCBuildConfiguration;
			buildSettings = {
				ALWAYS_SEARCH_USER_PATHS = NO;
				CLANG_ANALYZER_NONNULL = YES;
				CLANG_ANALYZER_NUMBER_OBJECT_CONVERSION = YES_AGGRESSIVE;
				CLANG_CXX_LANGUAGE_STANDARD = "gnu++14";
				CLANG_CXX_LIBRARY = "libc++";
				CLANG_ENABLE_MODULES = YES;
				CLANG_ENABLE_OBJC_ARC = YES;
				CLANG_ENABLE_OBJC_WEAK = YES;
				CLANG_WARN_BLOCK_CAPTURE_AUTORELEASING = YES;
				CLANG_WARN_BOOL_CONVERSION = YES;
				CLANG_WARN_COMMA = YES;
				CLANG_WARN_CONSTANT_CONVERSION = YES;
				CLANG_WARN_DEPRECATED_OBJC_IMPLEMENTATIONS = YES;
				CLANG_WARN_DIRECT_OBJC_ISA_USAGE = YES_ERROR;
				CLANG_WARN_DOCUMENTATION_COMMENTS = YES;
				CLANG_WARN_EMPTY_BODY = YES;
				CLANG_WARN_ENUM_CONVERSION = YES;
				CLANG_WARN_INFINITE_RECURSION = YES;
				CLANG_WARN_INT_CONVERSION = YES;
				CLANG_WARN_NON_LITERAL_NULL_CONVERSION = YES;
				CLANG_WARN_OBJC_IMPLICIT_RETAIN_SELF = YES;
				CLANG_WARN_OBJC_LITERAL_CONVERSION = YES;
				CLANG_WARN_OBJC_ROOT_CLASS = YES_ERROR;
				CLANG_WARN_RANGE_LOOP_ANALYSIS = YES;
				CLANG_WARN_STRICT_PROTOTYPES = YES;
				CLANG_WARN_SUSPICIOUS_MOVE = YES;
				CLANG_WARN_UNGUARDED_AVAILABILITY = YES_AGGRESSIVE;
				CLANG_WARN_UNREACHABLE_CODE = YES;
				CLANG_WARN__DUPLICATE_METHOD_MATCH = YES;
				CODE_SIGN_IDENTITY = "iPhone Developer";
				COPY_PHASE_STRIP = NO;
				DEBUG_INFORMATION_FORMAT = "dwarf-with-dsym";
				ENABLE_NS_ASSERTIONS = NO;
				ENABLE_STRICT_OBJC_MSGSEND = YES;
				GCC_C_LANGUAGE_STANDARD = gnu11;
				GCC_NO_COMMON_BLOCKS = YES;
				GCC_WARN_64_TO_32_BIT_CONVERSION = YES;
				GCC_WARN_ABOUT_RETURN_TYPE = YES_ERROR;
				GCC_WARN_UNDECLARED_SELECTOR = YES;
				GCC_WARN_UNINITIALIZED_AUTOS = YES_AGGRESSIVE;
				GCC_WARN_UNUSED_FUNCTION = YES;
				GCC_WARN_UNUSED_VARIABLE = YES;
				IPHONEOS_DEPLOYMENT_TARGET = 11.3;
				MTL_ENABLE_DEBUG_INFO = NO;
				SDKROOT = iphoneos;
				SWIFT_COMPILATION_MODE = wholemodule;
				SWIFT_OPTIMIZATION_LEVEL = "-O";
				VALIDATE_PRODUCT = YES;
			};
			name = Release;
		};
		BA8ECEF320B9E5AB00C04B34 /* Debug */ = {
			isa = XCBuildConfiguration;
			buildSettings = {
				ASSETCATALOG_COMPILER_APPICON_NAME = AppIcon;
				CODE_SIGN_STYLE = Automatic;
				DEVELOPMENT_TEAM = 7GU4K85X89;
				INFOPLIST_FILE = adidas_hackathon/Info.plist;
				LD_RUNPATH_SEARCH_PATHS = (
					"$(inherited)",
					"@executable_path/Frameworks",
				);
				PRODUCT_BUNDLE_IDENTIFIER = "adidasar.adidas-hackathon";
				PRODUCT_NAME = "$(TARGET_NAME)";
				SWIFT_VERSION = 4.0;
				TARGETED_DEVICE_FAMILY = "1,2";
			};
			name = Debug;
		};
		BA8ECEF420B9E5AB00C04B34 /* Release */ = {
			isa = XCBuildConfiguration;
			buildSettings = {
				ASSETCATALOG_COMPILER_APPICON_NAME = AppIcon;
				CODE_SIGN_STYLE = Automatic;
				DEVELOPMENT_TEAM = 7GU4K85X89;
				INFOPLIST_FILE = adidas_hackathon/Info.plist;
				LD_RUNPATH_SEARCH_PATHS = (
					"$(inherited)",
					"@executable_path/Frameworks",
				);
				PRODUCT_BUNDLE_IDENTIFIER = "adidasar.adidas-hackathon";
				PRODUCT_NAME = "$(TARGET_NAME)";
				SWIFT_VERSION = 4.0;
				TARGETED_DEVICE_FAMILY = "1,2";
			};
			name = Release;
		};
/* End XCBuildConfiguration section */

/* Begin XCConfigurationList section */
		BA8ECED820B9E5AA00C04B34 /* Build configuration list for PBXProject "adidas_hackathon" */ = {
			isa = XCConfigurationList;
			buildConfigurations = (
				BA8ECEF020B9E5AB00C04B34 /* Debug */,
				BA8ECEF120B9E5AB00C04B34 /* Release */,
			);
			defaultConfigurationIsVisible = 0;
			defaultConfigurationName = Release;
		};
		BA8ECEF220B9E5AB00C04B34 /* Build configuration list for PBXNativeTarget "adidas_hackathon" */ = {
			isa = XCConfigurationList;
			buildConfigurations = (
				BA8ECEF320B9E5AB00C04B34 /* Debug */,
				BA8ECEF420B9E5AB00C04B34 /* Release */,
			);
			defaultConfigurationIsVisible = 0;
			defaultConfigurationName = Release;
		};
/* End XCConfigurationList section */

/* Begin XCVersionGroup section */
		BA8ECEE720B9E5AA00C04B34 /* adidas_hackathon.xcdatamodeld */ = {
			isa = XCVersionGroup;
			children = (
				BA8ECEE820B9E5AA00C04B34 /* adidas_hackathon.xcdatamodel */,
			);
			currentVersion = BA8ECEE820B9E5AA00C04B34 /* adidas_hackathon.xcdatamodel */;
			path = adidas_hackathon.xcdatamodeld;
			sourceTree = "<group>";
			versionGroupType = wrapper.xcdatamodel;
		};
/* End XCVersionGroup section */
	};
	rootObject = BA8ECED520B9E5AA00C04B34 /* Project object */;
}
